{
  "name": "capability-intelligence",
  "version": "0.1.0",
  "lockfileVersion": 3,
  "requires": true,
  "packages": {
    "": {
      "name": "capability-intelligence",
      "version": "0.1.0",
      "bin": {
        "capability": "bin/capability-intelligence.js",
        "capability-intelligence": "bin/capability-intelligence.js"
      },
      "engines": {
        "node": ">=20"
      }
    }
  }
}
